# THIS IS AN AUTOGENERATED FILE. DO NOT EDIT THIS FILE DIRECTLY.
# yarn lockfile v1


rescript-nodejs@^14.3.1:
  version "14.3.1"
  resolved "https://registry.yarnpkg.com/rescript-nodejs/-/rescript-nodejs-14.3.1.tgz#a22c907f5fcf881bab37c8921b670029ed76b2a5"
  integrity sha512-oiQo2Rd6lb8TAkB6NT3IVFJcKanSoIC9+SrBTT6OKQtGvAIi6Dd9CNoGA4pbOUXcg8+lza6vhy/YWYzYBYKt3g==

rescript@^10.0.1:
  version "10.0.1"
  resolved "https://registry.yarnpkg.com/rescript/-/rescript-10.0.1.tgz#5b2da8a8bcfb994bed1eb24820bf10cfb9d8c440"
  integrity sha512-XwO1GPDtoEU4H03xQE5bp0/qtSVR6YLaJRPxWKrfFgKc+LI36ODOCie7o9UJfgzQdoMYkkZyiTGZ4N9OQEaiUw==
